
Microsoft Visual Studio Solution File, Format Version 12.00
# Visual Studio Version 17
VisualStudioVersion = 17.12.35527.113
MinimumVisualStudioVersion = 10.0.40219.1
Project("{9A19103F-16F7-4668-BE54-9A1E7A4F7556}") = "WpdfAppDb", "WpdfAppDb\WpdfAppDb.csproj", "{64A4BD2D-70B3-4CB1-BF76-715D94B33A98}"
EndProject
Project("{2150E333-8FDC-42A3-9474-1A3956D46DE8}") = "Solution Items", "Solution Items", "{E71694E3-2F2D-4916-9D0E-32C4FB4E302F}"
	ProjectSection(SolutionItems) = preProject
		.editorconfig = .editorconfig
	EndProjectSection
EndProject
Global
	GlobalSection(SolutionConfigurationPlatforms) = preSolution
		Debug|Any CPU = Debug|Any CPU
		Release|Any CPU = Release|Any CPU
	EndGlobalSection
	GlobalSection(ProjectConfigurationPlatforms) = postSolution
		{64A4BD2D-70B3-4CB1-BF76-715D94B33A98}.Debug|Any CPU.ActiveCfg = Debug|Any CPU
		{64A4BD2D-70B3-4CB1-BF76-715D94B33A98}.Debug|Any CPU.Build.0 = Debug|Any CPU
		{64A4BD2D-70B3-4CB1-BF76-715D94B33A98}.Release|Any CPU.ActiveCfg = Release|Any CPU
		{64A4BD2D-70B3-4CB1-BF76-715D94B33A98}.Release|Any CPU.Build.0 = Release|Any CPU
	EndGlobalSection
	GlobalSection(SolutionProperties) = preSolution
		HideSolutionNode = FALSE
	EndGlobalSection
EndGlobal
